// !$*UTF8*$!
{
	archiveVersion = 1;
	classes = {
	};
	objectVersion = 50;
	objects = {

/* Begin PBXBuildFile section */
		9F7208DB21FFAE06000505E9 /* AppDelegate.swift in Sources */ = {isa = PBXBuildFile; fileRef = 9F7208DA21FFAE06000505E9 /* AppDelegate.swift */; };
		9F7208DD21FFAE06000505E9 /* ViewController.swift in Sources */ = {isa = PBXBuildFile; fileRef = 9F7208DC21FFAE06000505E9 /* ViewController.swift */; };
		9F7208E021FFAE06000505E9 /* Main.storyboard in Resources */ = {isa = PBXBuildFile; fileRef = 9F7208DE21FFAE06000505E9 /* Main.storyboard */; };
		9F7208E221FFAE0A000505E9 /* Assets.xcassets in Resources */ = {isa = PBXBuildFile; fileRef = 9F7208E121FFAE0A000505E9 /* Assets.xcassets */; };
		9F7208E521FFAE0A000505E9 /* LaunchScreen.storyboard in Resources */ = {isa = PBXBuildFile; fileRef = 9F7208E321FFAE0A000505E9 /* LaunchScreen.storyboard */; };
		9F7208ED21FFB165000505E9 /* UIQuartzView.swift in Sources */ = {isa = PBXBuildFile; fileRef = 9F7208EC21FFB165000505E9 /* UIQuartzView.swift */; };
/* End PBXBuildFile section */

/* Begin PBXFileReference section */
		9F7208D721FFAE06000505E9 /* UnitCircle.app */ = {isa = PBXFileReference; explicitFileType = wrapper.application; includeInIndex = 0; path = UnitCircle.app; sourceTree = BUILT_PRODUCTS_DIR; };
		9F7208DA21FFAE06000505E9 /* AppDelegate.swift */ = {isa = PBXFileReference; lastKnownFileType = sourcecode.swift; path = AppDelegate.swift; sourceTree = "<group>"; };
		9F7208DC21FFAE06000505E9 /* ViewController.swift */ = {isa = PBXFileReference; lastKnownFileType = sourcecode.swift; path = ViewController.swift; sourceTree = "<group>"; };
		9F7208DF21FFAE06000505E9 /* Base */ = {isa = PBXFileReference; lastKnownFileType = file.storyboard; name = Base; path = Base.lproj/Main.storyboard; sourceTree = "<group>"; };
		9F7208E121FFAE0A000505E9 /* Assets.xcassets */ = {isa = PBXFileReference; lastKnownFileType = folder.assetcatalog; path = Assets.xcassets; sourceTree = "<group>"; };
		9F7208E421FFAE0A000505E9 /* Base */ = {isa = PBXFileReference; lastKnownFileType = file.storyboard; name = Base; path = Base.lproj/LaunchScreen.storyboard; sourceTree = "<group>"; };
		9F7208E621FFAE0A000505E9 /* Info.plist */ = {isa = PBXFileReference; lastKnownFileType = text.plist.xml; path = Info.plist; sourceTree = "<group>"; };
		9F7208EC21FFB165000505E9 /* UIQuartzView.swift */ = {isa = PBXFileReference; lastKnownFileType = sourcecode.swift; path = UIQuartzView.swift; sourceTree = "<group>"; };
/* End PBXFileReference section */

/* Begin PBXFrameworksBuildPhase section */
		9F7208D421FFAE06000505E9 /* Frameworks */ = {
			isa = PBXFrameworksBuildPhase;
			buildActionMask = 2147483647;
			files = (
			);
			runOnlyForDeploymentPostprocessing = 0;
		};
/* End PBXFrameworksBuildPhase section */

/* Begin PBXGroup section */
		9F7208CE21FFAE06000505E9 = {
			isa = PBXGroup;
			children = (
				9F7208D921FFAE06000505E9 /* UnitCircle */,
				9F7208D821FFAE06000505E9 /* Products */,
			);
			sourceTree = "<group>";
		};
		9F7208D821FFAE06000505E9 /* Products */ = {
			isa = PBXGroup;
			children = (
				9F7208D721FFAE06000505E9 /* UnitCircle.app */,
			);
			name = Products;
			sourceTree = "<group>";
		};
		9F7208D921FFAE06000505E9 /* UnitCircle */ = {
			isa = PBXGroup;
			children = (
				9F7208DA21FFAE06000505E9 /* AppDelegate.swift */,
				9F7208DC21FFAE06000505E9 /* ViewController.swift */,
				9F7208EC21FFB165000505E9 /* UIQuartzView.swift */,
				9F7208DE21FFAE06000505E9 /* Main.storyboard */,
				9F7208E121FFAE0A000505E9 /* Assets.xcassets */,
				9F7208E321FFAE0A000505E9 /* LaunchScreen.storyboard */,
				9F7208E621FFAE0A000505E9 /* Info.plist */,
			);
			path = UnitCircle;
			sourceTree = "<group>";
		};
/* End PBXGroup section */

/* Begin PBXNativeTarget section */
		9F7208D621FFAE06000505E9 /* UnitCircle */ = {
			isa = PBXNativeTarget;
			buildConfigurationList = 9F7208E921FFAE0A000505E9 /* Build configuration list for PBXNativeTarget "UnitCircle" */;
			buildPhases = (
				9F7208D321FFAE06000505E9 /* Sources */,
				9F7208D421FFAE06000505E9 /* Frameworks */,
				9F7208D521FFAE06000505E9 /* Resources */,
			);
			buildRules = (
			);
			dependencies = (
			);
			name = UnitCircle;
			productName = UnitCircle;
			productReference = 9F7208D721FFAE06000505E9 /* UnitCircle.app */;
			productType = "com.apple.product-type.application";
		};
/* End PBXNativeTarget section */

/* Begin PBXProject section */
		9F7208CF21FFAE06000505E9 /* Project object */ = {
			isa = PBXProject;
			attributes = {
				LastSwiftUpdateCheck = 1010;
				LastUpgradeCheck = 1010;
				ORGANIZATIONNAME = "Usman Rashid";
				TargetAttributes = {
					9F7208D621FFAE06000505E9 = {
						CreatedOnToolsVersion = 10.1;
					};
				};
			};
			buildConfigurationList = 9F7208D221FFAE06000505E9 /* Build configuration list for PBXProject "UnitCircle" */;
			compatibilityVersion = "Xcode 9.3";
			developmentRegion = en;
			hasScannedForEncodings = 0;
			knownRegions = (
				en,
				Base,
			);
			mainGroup = 9F7208CE21FFAE06000505E9;
			productRefGroup = 9F7208D821FFAE06000505E9 /* Products */;
			projectDirPath = "";
			projectRoot = "";
			targets = (
				9F7208D621FFAE06000505E9 /* UnitCircle */,
			);
		};
/* End PBXProject section */

/* Begin PBXResourcesBuildPhase section */
		9F7208D521FFAE06000505E9 /* Resources */ = {
			isa = PBXResourcesBuildPhase;
			buildActionMask = 2147483647;
			files = (
				9F7208E521FFAE0A000505E9 /* LaunchScreen.storyboard in Resources */,
				9F7208E221FFAE0A000505E9 /* Assets.xcassets in Resources */,
				9F7208E021FFAE06000505E9 /* Main.storyboard in Resources */,
			);
			runOnlyForDeploymentPostprocessing = 0;
		};
/* End PBXResourcesBuildPhase section */

/* Begin PBXSourcesBuildPhase section */
		9F7208D321FFAE06000505E9 /* Sources */ = {
			isa = PBXSourcesBuildPhase;
			buildActionMask = 2147483647;
			files = (
				9F7208ED21FFB165000505E9 /* UIQuartzView.swift in Sources */,
				9F7208DD21FFAE06000505E9 /* ViewController.swift in Sources */,
				9F7208DB21FFAE06000505E9 /* AppDelegate.swift in Sources */,
			);
			runOnlyForDeploymentPostprocessing = 0;
		};
/* End PBXSourcesBuildPhase section */

/* Begin PBXVariantGroup section */
		9F7208DE21FFAE06000505E9 /* Main.storyboard */ = {
			isa = PBXVariantGroup;
			children = (
				9F7208DF21FFAE06000505E9 /* Base */,
			);
			name = Main.storyboard;
			sourceTree = "<group>";
		};
		9F7208E321FFAE0A000505E9 /* LaunchScreen.storyboard */ = {
			isa = PBXVariantGroup;
			children = (
				9F7208E421FFAE0A000505E9 /* Base */,
			);
			name = LaunchScreen.storyboard;
			sourceTree = "<group>";
		};
/* End PBXVariantGroup section */

/* Begin XCBuildConfiguration section */
		9F7208E721FFAE0A000505E9 /* Debug */ = {
			isa = XCBuildConfiguration;
			buildSettings = {
				ALWAYS_SEARCH_USER_PATHS = NO;
				CLANG_ANALYZER_NONNULL = YES;
				CLANG_ANALYZER_NUMBER_OBJECT_CONVERSION = YES_AGGRESSIVE;
				CLANG_CXX_LANGUAGE_STANDARD = "gnu++14";
				CLANG_CXX_LIBRARY = "libc++";
				CLANG_ENABLE_MODULES = YES;
				CLANG_ENABLE_OBJC_ARC = YES;
				CLANG_ENABLE_OBJC_WEAK = YES;
				CLANG_WARN_BLOCK_CAPTURE_AUTORELEASING = YES;
				CLANG_WARN_BOOL_CONVERSION = YES;
				CLANG_WARN_COMMA = YES;
				CLANG_WARN_CONSTANT_CONVERSION = YES;
				CLANG_WARN_DEPRECATED_OBJC_IMPLEMENTATIONS = YES;
				CLANG_WARN_DIRECT_OBJC_ISA_USAGE = YES_ERROR;
				CLANG_WARN_DOCUMENTATION_COMMENTS = YES;
				CLANG_WARN_EMPTY_BODY = YES;
				CLANG_WARN_ENUM_CONVERSION = YES;
				CLANG_WARN_INFINITE_RECURSION = YES;
				CLANG_WARN_INT_CONVERSION = YES;
				CLANG_WARN_NON_LITERAL_NULL_CONVERSION = YES;
				CLANG_WARN_OBJC_IMPLICIT_RETAIN_SELF = YES;
				CLANG_WARN_OBJC_LITERAL_CONVERSION = YES;
				CLANG_WARN_OBJC_ROOT_CLASS = YES_ERROR;
				CLANG_WARN_RANGE_LOOP_ANALYSIS = YES;
				CLANG_WARN_STRICT_PROTOTYPES = YES;
				CLANG_WARN_SUSPICIOUS_MOVE = YES;
				CLANG_WARN_UNGUARDED_AVAILABILITY = YES_AGGRESSIVE;
				CLANG_WARN_UNREACHABLE_CODE = YES;
				CLANG_WARN__DUPLICATE_METHOD_MATCH = YES;
				CODE_SIGN_IDENTITY = "iPhone Developer";
				COPY_PHASE_STRIP = NO;
				DEBUG_INFORMATION_FORMAT = dwarf;
				ENABLE_STRICT_OBJC_MSGSEND = YES;
				ENABLE_TESTABILITY = YES;
				GCC_C_LANGUAGE_STANDARD = gnu11;
				GCC_DYNAMIC_NO_PIC = NO;
				GCC_NO_COMMON_BLOCKS = YES;
				GCC_OPTIMIZATION_LEVEL = 0;
				GCC_PREPROCESSOR_DEFINITIONS = (
					"DEBUG=1",
					"$(inherited)",
				);
				GCC_WARN_64_TO_32_BIT_CONVERSION = YES;
				GCC_WARN_ABOUT_RETURN_TYPE = YES_ERROR;
				GCC_WARN_UNDECLARED_SELECTOR = YES;
				GCC_WARN_UNINITIALIZED_AUTOS = YES_AGGRESSIVE;
				GCC_WARN_UNUSED_FUNCTION = YES;
				GCC_WARN_UNUSED_VARIABLE = YES;
				IPHONEOS_DEPLOYMENT_TARGET = 12.1;
				MTL_ENABLE_DEBUG_INFO = INCLUDE_SOURCE;
				MTL_FAST_MATH = YES;
				ONLY_ACTIVE_ARCH = YES;
				SDKROOT = iphoneos;
				SWIFT_ACTIVE_COMPILATION_CONDITIONS = DEBUG;
				SWIFT_OPTIMIZATION_LEVEL = "-Onone";
			};
			name = Debug;
		};
		9F7208E821FFAE0A000505E9 /* Release */ = {
			isa = XCBuildConfiguration;
			buildSettings = {
				ALWAYS_SEARCH_USER_PATHS = NO;
				CLANG_ANALYZER_NONNULL = YES;
				CLANG_ANALYZER_NUMBER_OBJECT_CONVERSION = YES_AGGRESSIVE;
				CLANG_CXX_LANGUAGE_STANDARD = "gnu++14";
				CLANG_CXX_LIBRARY = "libc++";
				CLANG_ENABLE_MODULES = YES;
				CLANG_ENABLE_OBJC_ARC = YES;
				CLANG_ENABLE_OBJC_WEAK = YES;
				CLANG_WARN_BLOCK_CAPTURE_AUTORELEASING = YES;
				CLANG_WARN_BOOL_CONVERSION = YES;
				CLANG_WARN_COMMA = YES;
				CLANG_WARN_CONSTANT_CONVERSION = YES;
				CLANG_WARN_DEPRECATED_OBJC_IMPLEMENTATIONS = YES;
				CLANG_WARN_DIRECT_OBJC_ISA_USAGE = YES_ERROR;
				CLANG_WARN_DOCUMENTATION_COMMENTS = YES;
				CLANG_WARN_EMPTY_BODY = YES;
				CLANG_WARN_ENUM_CONVERSION = YES;
				CLANG_WARN_INFINITE_RECURSION = YES;
				CLANG_WARN_INT_CONVERSION = YES;
				CLANG_WARN_NON_LITERAL_NULL_CONVERSION = YES;
				CLANG_WARN_OBJC_IMPLICIT_RETAIN_SELF = YES;
				CLANG_WARN_OBJC_LITERAL_CONVERSION = YES;
				CLANG_WARN_OBJC_ROOT_CLASS = YES_ERROR;
				CLANG_WARN_RANGE_LOOP_ANALYSIS = YES;
				CLANG_WARN_STRICT_PROTOTYPES = YES;
				CLANG_WARN_SUSPICIOUS_MOVE = YES;
				CLANG_WARN_UNGUARDED_AVAILABILITY = YES_AGGRESSIVE;
				CLANG_WARN_UNREACHABLE_CODE = YES;
				CLANG_WARN__DUPLICATE_METHOD_MATCH = YES;
				CODE_SIGN_IDENTITY = "iPhone Developer";
				COPY_PHASE_STRIP = NO;
				DEBUG_INFORMATION_FORMAT = "dwarf-with-dsym";
				ENABLE_NS_ASSERTIONS = NO;
				ENABLE_STRICT_OBJC_MSGSEND = YES;
				GCC_C_LANGUAGE_STANDARD = gnu11;
				GCC_NO_COMMON_BLOCKS = YES;
				GCC_WARN_64_TO_32_BIT_CONVERSION = YES;
				GCC_WARN_ABOUT_RETURN_TYPE = YES_ERROR;
				GCC_WARN_UNDECLARED_SELECTOR = YES;
				GCC_WARN_UNINITIALIZED_AUTOS = YES_AGGRESSIVE;
				GCC_WARN_UNUSED_FUNCTION = YES;
				GCC_WARN_UNUSED_VARIABLE = YES;
				IPHONEOS_DEPLOYMENT_TARGET = 12.1;
				MTL_ENABLE_DEBUG_INFO = NO;
				MTL_FAST_MATH = YES;
				SDKROOT = iphoneos;
				SWIFT_COMPILATION_MODE = wholemodule;
				SWIFT_OPTIMIZATION_LEVEL = "-O";
				VALIDATE_PRODUCT = YES;
			};
			name = Release;
		};
		9F7208EA21FFAE0A000505E9 /* Debug */ = {
			isa = XCBuildConfiguration;
			buildSettings = {
				ASSETCATALOG_COMPILER_APPICON_NAME = AppIcon;
				CODE_SIGN_STYLE = Automatic;
				DEVELOPMENT_TEAM = EUS88ZV6RD;
				INFOPLIST_FILE = UnitCircle/Info.plist;
				LD_RUNPATH_SEARCH_PATHS = (
					"$(inherited)",
					"@executable_path/Frameworks",
				);
				PRODUCT_BUNDLE_IDENTIFIER = "-.UnitCircle";
				PRODUCT_NAME = "$(TARGET_NAME)";
				SWIFT_VERSION = 4.2;
				TARGETED_DEVICE_FAMILY = 1;
			};
			name = Debug;
		};
		9F7208EB21FFAE0A000505E9 /* Release */ = {
			isa = XCBuildConfiguration;
			buildSettings = {
				ASSETCATALOG_COMPILER_APPICON_NAME = AppIcon;
				CODE_SIGN_STYLE = Automatic;
				DEVELOPMENT_TEAM = EUS88ZV6RD;
				INFOPLIST_FILE = UnitCircle/Info.plist;
				LD_RUNPATH_SEARCH_PATHS = (
					"$(inherited)",
					"@executable_path/Frameworks",
				);
				PRODUCT_BUNDLE_IDENTIFIER = "-.UnitCircle";
				PRODUCT_NAME = "$(TARGET_NAME)";
				SWIFT_VERSION = 4.2;
				TARGETED_DEVICE_FAMILY = 1;
			};
			name = Release;
		};
/* End XCBuildConfiguration section */

/* Begin XCConfigurationList section */
		9F7208D221FFAE06000505E9 /* Build configuration list for PBXProject "UnitCircle" */ = {
			isa = XCConfigurationList;
			buildConfigurations = (
				9F7208E721FFAE0A000505E9 /* Debug */,
				9F7208E821FFAE0A000505E9 /* Release */,
			);
			defaultConfigurationIsVisible = 0;
			defaultConfigurationName = Release;
		};
		9F7208E921FFAE0A000505E9 /* Build configuration list for PBXNativeTarget "UnitCircle" */ = {
			isa = XCConfigurationList;
			buildConfigurations = (
				9F7208EA21FFAE0A000505E9 /* Debug */,
				9F7208EB21FFAE0A000505E9 /* Release */,
			);
			defaultConfigurationIsVisible = 0;
			defaultConfigurationName = Release;
		};
/* End XCConfigurationList section */
	};
	rootObject = 9F7208CF21FFAE06000505E9 /* Project object */;
}
